// !$*UTF8*$!
{
	archiveVersion = 1;
	classes = {
	};
	objectVersion = 56;
	objects = {

/* Begin PBXBuildFile section */
		FA0E618129FEA84400EADCBA /* AppDelegate.swift in Sources */ = {isa = PBXBuildFile; fileRef = FA0E618029FEA84400EADCBA /* AppDelegate.swift */; };
		FA0E618329FEA84400EADCBA /* SceneDelegate.swift in Sources */ = {isa = PBXBuildFile; fileRef = FA0E618229FEA84400EADCBA /* SceneDelegate.swift */; };
		FA0E618529FEA84400EADCBA /* ViewController.swift in Sources */ = {isa = PBXBuildFile; fileRef = FA0E618429FEA84400EADCBA /* ViewController.swift */; };
		FA0E618829FEA84400EADCBA /* Main.storyboard in Resources */ = {isa = PBXBuildFile; fileRef = FA0E618629FEA84400EADCBA /* Main.storyboard */; };
		FA0E618A29FEA84500EADCBA /* Assets.xcassets in Resources */ = {isa = PBXBuildFile; fileRef = FA0E618929FEA84500EADCBA /* Assets.xcassets */; };
		FA0E618D29FEA84500EADCBA /* LaunchScreen.storyboard in Resources */ = {isa = PBXBuildFile; fileRef = FA0E618B29FEA84500EADCBA /* LaunchScreen.storyboard */; };
		FA0E619929FEC10600EADCBA /* PokemonData.swift in Sources */ = {isa = PBXBuildFile; fileRef = FA0E619829FEC10600EADCBA /* PokemonData.swift */; };
		FA0E619B29FEC10D00EADCBA /* PokemonModel.swift in Sources */ = {isa = PBXBuildFile; fileRef = FA0E619A29FEC10D00EADCBA /* PokemonModel.swift */; };
		FA0E619D29FEC48700EADCBA /* Constants.swift in Sources */ = {isa = PBXBuildFile; fileRef = FA0E619C29FEC48700EADCBA /* Constants.swift */; };
		FA0E619F29FF95EA00EADCBA /* PokemonDetailsUIViewController.swift in Sources */ = {isa = PBXBuildFile; fileRef = FA0E619E29FF95EA00EADCBA /* PokemonDetailsUIViewController.swift */; };
/* End PBXBuildFile section */

/* Begin PBXFileReference section */
		FA0E617D29FEA84400EADCBA /* PokemonApp.app */ = {isa = PBXFileReference; explicitFileType = wrapper.application; includeInIndex = 0; path = PokemonApp.app; sourceTree = BUILT_PRODUCTS_DIR; };
		FA0E618029FEA84400EADCBA /* AppDelegate.swift */ = {isa = PBXFileReference; lastKnownFileType = sourcecode.swift; path = AppDelegate.swift; sourceTree = "<group>"; };
		FA0E618229FEA84400EADCBA /* SceneDelegate.swift */ = {isa = PBXFileReference; lastKnownFileType = sourcecode.swift; path = SceneDelegate.swift; sourceTree = "<group>"; };
		FA0E618429FEA84400EADCBA /* ViewController.swift */ = {isa = PBXFileReference; lastKnownFileType = sourcecode.swift; path = ViewController.swift; sourceTree = "<group>"; };
		FA0E618729FEA84400EADCBA /* Base */ = {isa = PBXFileReference; lastKnownFileType = file.storyboard; name = Base; path = Base.lproj/Main.storyboard; sourceTree = "<group>"; };
		FA0E618929FEA84500EADCBA /* Assets.xcassets */ = {isa = PBXFileReference; lastKnownFileType = folder.assetcatalog; path = Assets.xcassets; sourceTree = "<group>"; };
		FA0E618C29FEA84500EADCBA /* Base */ = {isa = PBXFileReference; lastKnownFileType = file.storyboard; name = Base; path = Base.lproj/LaunchScreen.storyboard; sourceTree = "<group>"; };
		FA0E618E29FEA84500EADCBA /* Info.plist */ = {isa = PBXFileReference; lastKnownFileType = text.plist.xml; path = Info.plist; sourceTree = "<group>"; };
		FA0E619829FEC10600EADCBA /* PokemonData.swift */ = {isa = PBXFileReference; lastKnownFileType = sourcecode.swift; path = PokemonData.swift; sourceTree = "<group>"; };
		FA0E619A29FEC10D00EADCBA /* PokemonModel.swift */ = {isa = PBXFileReference; lastKnownFileType = sourcecode.swift; path = PokemonModel.swift; sourceTree = "<group>"; };
		FA0E619C29FEC48700EADCBA /* Constants.swift */ = {isa = PBXFileReference; lastKnownFileType = sourcecode.swift; path = Constants.swift; sourceTree = "<group>"; };
		FA0E619E29FF95EA00EADCBA /* PokemonDetailsUIViewController.swift */ = {isa = PBXFileReference; lastKnownFileType = sourcecode.swift; path = PokemonDetailsUIViewController.swift; sourceTree = "<group>"; };
/* End PBXFileReference section */

/* Begin PBXFrameworksBuildPhase section */
		FA0E617A29FEA84400EADCBA /* Frameworks */ = {
			isa = PBXFrameworksBuildPhase;
			buildActionMask = 2147483647;
			files = (
			);
			runOnlyForDeploymentPostprocessing = 0;
		};
/* End PBXFrameworksBuildPhase section */

/* Begin PBXGroup section */
		FA0E617429FEA84400EADCBA = {
			isa = PBXGroup;
			children = (
				FA0E617F29FEA84400EADCBA /* PokemonApp */,
				FA0E617E29FEA84400EADCBA /* Products */,
			);
			sourceTree = "<group>";
		};
		FA0E617E29FEA84400EADCBA /* Products */ = {
			isa = PBXGroup;
			children = (
				FA0E617D29FEA84400EADCBA /* PokemonApp.app */,
			);
			name = Products;
			sourceTree = "<group>";
		};
		FA0E617F29FEA84400EADCBA /* PokemonApp */ = {
			isa = PBXGroup;
			children = (
				FA0E618029FEA84400EADCBA /* AppDelegate.swift */,
				FA0E618229FEA84400EADCBA /* SceneDelegate.swift */,
				FA0E61A029FFAC7C00EADCBA /* Views */,
				FA0E61A129FFAC8F00EADCBA /* Model */,
				FA0E61A229FFACAA00EADCBA /* Helpers */,
				FA0E618629FEA84400EADCBA /* Main.storyboard */,
				FA0E618929FEA84500EADCBA /* Assets.xcassets */,
				FA0E618B29FEA84500EADCBA /* LaunchScreen.storyboard */,
				FA0E618E29FEA84500EADCBA /* Info.plist */,
			);
			path = PokemonApp;
			sourceTree = "<group>";
		};
		FA0E61A029FFAC7C00EADCBA /* Views */ = {
			isa = PBXGroup;
			children = (
				FA0E618429FEA84400EADCBA /* ViewController.swift */,
				FA0E619E29FF95EA00EADCBA /* PokemonDetailsUIViewController.swift */,
			);
			path = Views;
			sourceTree = "<group>";
		};
		FA0E61A129FFAC8F00EADCBA /* Model */ = {
			isa = PBXGroup;
			children = (
				FA0E619A29FEC10D00EADCBA /* PokemonModel.swift */,
				FA0E619829FEC10600EADCBA /* PokemonData.swift */,
			);
			path = Model;
			sourceTree = "<group>";
		};
		FA0E61A229FFACAA00EADCBA /* Helpers */ = {
			isa = PBXGroup;
			children = (
				FA0E619C29FEC48700EADCBA /* Constants.swift */,
			);
			path = Helpers;
			sourceTree = "<group>";
		};
/* End PBXGroup section */

/* Begin PBXNativeTarget section */
		FA0E617C29FEA84400EADCBA /* PokemonApp */ = {
			isa = PBXNativeTarget;
			buildConfigurationList = FA0E619129FEA84500EADCBA /* Build configuration list for PBXNativeTarget "PokemonApp" */;
			buildPhases = (
				FA0E617929FEA84400EADCBA /* Sources */,
				FA0E617A29FEA84400EADCBA /* Frameworks */,
				FA0E617B29FEA84400EADCBA /* Resources */,
			);
			buildRules = (
			);
			dependencies = (
			);
			name = PokemonApp;
			productName = PokemonApp;
			productReference = FA0E617D29FEA84400EADCBA /* PokemonApp.app */;
			productType = "com.apple.product-type.application";
		};
/* End PBXNativeTarget section */

/* Begin PBXProject section */
		FA0E617529FEA84400EADCBA /* Project object */ = {
			isa = PBXProject;
			attributes = {
				BuildIndependentTargetsInParallel = 1;
				LastSwiftUpdateCheck = 1430;
				LastUpgradeCheck = 1430;
				TargetAttributes = {
					FA0E617C29FEA84400EADCBA = {
						CreatedOnToolsVersion = 14.3;
					};
				};
			};
			buildConfigurationList = FA0E617829FEA84400EADCBA /* Build configuration list for PBXProject "PokemonApp" */;
			compatibilityVersion = "Xcode 14.0";
			developmentRegion = en;
			hasScannedForEncodings = 0;
			knownRegions = (
				en,
				Base,
			);
			mainGroup = FA0E617429FEA84400EADCBA;
			productRefGroup = FA0E617E29FEA84400EADCBA /* Products */;
			projectDirPath = "";
			projectRoot = "";
			targets = (
				FA0E617C29FEA84400EADCBA /* PokemonApp */,
			);
		};
/* End PBXProject section */

/* Begin PBXResourcesBuildPhase section */
		FA0E617B29FEA84400EADCBA /* Resources */ = {
			isa = PBXResourcesBuildPhase;
			buildActionMask = 2147483647;
			files = (
				FA0E618D29FEA84500EADCBA /* LaunchScreen.storyboard in Resources */,
				FA0E618A29FEA84500EADCBA /* Assets.xcassets in Resources */,
				FA0E618829FEA84400EADCBA /* Main.storyboard in Resources */,
			);
			runOnlyForDeploymentPostprocessing = 0;
		};
/* End PBXResourcesBuildPhase section */

/* Begin PBXSourcesBuildPhase section */
		FA0E617929FEA84400EADCBA /* Sources */ = {
			isa = PBXSourcesBuildPhase;
			buildActionMask = 2147483647;
			files = (
				FA0E618529FEA84400EADCBA /* ViewController.swift in Sources */,
				FA0E619B29FEC10D00EADCBA /* PokemonModel.swift in Sources */,
				FA0E618129FEA84400EADCBA /* AppDelegate.swift in Sources */,
				FA0E619F29FF95EA00EADCBA /* PokemonDetailsUIViewController.swift in Sources */,
				FA0E619D29FEC48700EADCBA /* Constants.swift in Sources */,
				FA0E618329FEA84400EADCBA /* SceneDelegate.swift in Sources */,
				FA0E619929FEC10600EADCBA /* PokemonData.swift in Sources */,
			);
			runOnlyForDeploymentPostprocessing = 0;
		};
/* End PBXSourcesBuildPhase section */

/* Begin PBXVariantGroup section */
		FA0E618629FEA84400EADCBA /* Main.storyboard */ = {
			isa = PBXVariantGroup;
			children = (
				FA0E618729FEA84400EADCBA /* Base */,
			);
			name = Main.storyboard;
			sourceTree = "<group>";
		};
		FA0E618B29FEA84500EADCBA /* LaunchScreen.storyboard */ = {
			isa = PBXVariantGroup;
			children = (
				FA0E618C29FEA84500EADCBA /* Base */,
			);
			name = LaunchScreen.storyboard;
			sourceTree = "<group>";
		};
/* End PBXVariantGroup section */

/* Begin XCBuildConfiguration section */
		FA0E618F29FEA84500EADCBA /* Debug */ = {
			isa = XCBuildConfiguration;
			buildSettings = {
				ALWAYS_SEARCH_USER_PATHS = NO;
				CLANG_ANALYZER_NONNULL = YES;
				CLANG_ANALYZER_NUMBER_OBJECT_CONVERSION = YES_AGGRESSIVE;
				CLANG_CXX_LANGUAGE_STANDARD = "gnu++20";
				CLANG_ENABLE_MODULES = YES;
				CLANG_ENABLE_OBJC_ARC = YES;
				CLANG_ENABLE_OBJC_WEAK = YES;
				CLANG_WARN_BLOCK_CAPTURE_AUTORELEASING = YES;
				CLANG_WARN_BOOL_CONVERSION = YES;
				CLANG_WARN_COMMA = YES;
				CLANG_WARN_CONSTANT_CONVERSION = YES;
				CLANG_WARN_DEPRECATED_OBJC_IMPLEMENTATIONS = YES;
				CLANG_WARN_DIRECT_OBJC_ISA_USAGE = YES_ERROR;
				CLANG_WARN_DOCUMENTATION_COMMENTS = YES;
				CLANG_WARN_EMPTY_BODY = YES;
				CLANG_WARN_ENUM_CONVERSION = YES;
				CLANG_WARN_INFINITE_RECURSION = YES;
				CLANG_WARN_INT_CONVERSION = YES;
				CLANG_WARN_NON_LITERAL_NULL_CONVERSION = YES;
				CLANG_WARN_OBJC_IMPLICIT_RETAIN_SELF = YES;
				CLANG_WARN_OBJC_LITERAL_CONVERSION = YES;
				CLANG_WARN_OBJC_ROOT_CLASS = YES_ERROR;
				CLANG_WARN_QUOTED_INCLUDE_IN_FRAMEWORK_HEADER = YES;
				CLANG_WARN_RANGE_LOOP_ANALYSIS = YES;
				CLANG_WARN_STRICT_PROTOTYPES = YES;
				CLANG_WARN_SUSPICIOUS_MOVE = YES;
				CLANG_WARN_UNGUARDED_AVAILABILITY = YES_AGGRESSIVE;
				CLANG_WARN_UNREACHABLE_CODE = YES;
				CLANG_WARN__DUPLICATE_METHOD_MATCH = YES;
				COPY_PHASE_STRIP = NO;
				DEBUG_INFORMATION_FORMAT = dwarf;
				ENABLE_STRICT_OBJC_MSGSEND = YES;
				ENABLE_TESTABILITY = YES;
				GCC_C_LANGUAGE_STANDARD = gnu11;
				GCC_DYNAMIC_NO_PIC = NO;
				GCC_NO_COMMON_BLOCKS = YES;
				GCC_OPTIMIZATION_LEVEL = 0;
				GCC_PREPROCESSOR_DEFINITIONS = (
					"DEBUG=1",
					"$(inherited)",
				);
				GCC_WARN_64_TO_32_BIT_CONVERSION = YES;
				GCC_WARN_ABOUT_RETURN_TYPE = YES_ERROR;
				GCC_WARN_UNDECLARED_SELECTOR = YES;
				GCC_WARN_UNINITIALIZED_AUTOS = YES_AGGRESSIVE;
				GCC_WARN_UNUSED_FUNCTION = YES;
				GCC_WARN_UNUSED_VARIABLE = YES;
				IPHONEOS_DEPLOYMENT_TARGET = 16.4;
				MTL_ENABLE_DEBUG_INFO = INCLUDE_SOURCE;
				MTL_FAST_MATH = YES;
				ONLY_ACTIVE_ARCH = YES;
				SDKROOT = iphoneos;
				SWIFT_ACTIVE_COMPILATION_CONDITIONS = DEBUG;
				SWIFT_OPTIMIZATION_LEVEL = "-Onone";
			};
			name = Debug;
		};
		FA0E619029FEA84500EADCBA /* Release */ = {
			isa = XCBuildConfiguration;
			buildSettings = {
				ALWAYS_SEARCH_USER_PATHS = NO;
				CLANG_ANALYZER_NONNULL = YES;
				CLANG_ANALYZER_NUMBER_OBJECT_CONVERSION = YES_AGGRESSIVE;
				CLANG_CXX_LANGUAGE_STANDARD = "gnu++20";
				CLANG_ENABLE_MODULES = YES;
				CLANG_ENABLE_OBJC_ARC = YES;
				CLANG_ENABLE_OBJC_WEAK = YES;
				CLANG_WARN_BLOCK_CAPTURE_AUTORELEASING = YES;
				CLANG_WARN_BOOL_CONVERSION = YES;
				CLANG_WARN_COMMA = YES;
				CLANG_WARN_CONSTANT_CONVERSION = YES;
				CLANG_WARN_DEPRECATED_OBJC_IMPLEMENTATIONS = YES;
				CLANG_WARN_DIRECT_OBJC_ISA_USAGE = YES_ERROR;
				CLANG_WARN_DOCUMENTATION_COMMENTS = YES;
				CLANG_WARN_EMPTY_BODY = YES;
				CLANG_WARN_ENUM_CONVERSION = YES;
				CLANG_WARN_INFINITE_RECURSION = YES;
				CLANG_WARN_INT_CONVERSION = YES;
				CLANG_WARN_NON_LITERAL_NULL_CONVERSION = YES;
				CLANG_WARN_OBJC_IMPLICIT_RETAIN_SELF = YES;
				CLANG_WARN_OBJC_LITERAL_CONVERSION = YES;
				CLANG_WARN_OBJC_ROOT_CLASS = YES_ERROR;
				CLANG_WARN_QUOTED_INCLUDE_IN_FRAMEWORK_HEADER = YES;
				CLANG_WARN_RANGE_LOOP_ANALYSIS = YES;
				CLANG_WARN_STRICT_PROTOTYPES = YES;
				CLANG_WARN_SUSPICIOUS_MOVE = YES;
				CLANG_WARN_UNGUARDED_AVAILABILITY = YES_AGGRESSIVE;
				CLANG_WARN_UNREACHABLE_CODE = YES;
				CLANG_WARN__DUPLICATE_METHOD_MATCH = YES;
				COPY_PHASE_STRIP = NO;
				DEBUG_INFORMATION_FORMAT = "dwarf-with-dsym";
				ENABLE_NS_ASSERTIONS = NO;
				ENABLE_STRICT_OBJC_MSGSEND = YES;
				GCC_C_LANGUAGE_STANDARD = gnu11;
				GCC_NO_COMMON_BLOCKS = YES;
				GCC_WARN_64_TO_32_BIT_CONVERSION = YES;
				GCC_WARN_ABOUT_RETURN_TYPE = YES_ERROR;
				GCC_WARN_UNDECLARED_SELECTOR = YES;
				GCC_WARN_UNINITIALIZED_AUTOS = YES_AGGRESSIVE;
				GCC_WARN_UNUSED_FUNCTION = YES;
				GCC_WARN_UNUSED_VARIABLE = YES;
				IPHONEOS_DEPLOYMENT_TARGET = 16.4;
				MTL_ENABLE_DEBUG_INFO = NO;
				MTL_FAST_MATH = YES;
				SDKROOT = iphoneos;
				SWIFT_COMPILATION_MODE = wholemodule;
				SWIFT_OPTIMIZATION_LEVEL = "-O";
				VALIDATE_PRODUCT = YES;
			};
			name = Release;
		};
		FA0E619229FEA84500EADCBA /* Debug */ = {
			isa = XCBuildConfiguration;
			buildSettings = {
				ASSETCATALOG_COMPILER_APPICON_NAME = AppIcon;
				ASSETCATALOG_COMPILER_GLOBAL_ACCENT_COLOR_NAME = AccentColor;
				CODE_SIGN_STYLE = Automatic;
				CURRENT_PROJECT_VERSION = 1;
				DEVELOPMENT_TEAM = 9NZ4Q585K9;
				GENERATE_INFOPLIST_FILE = YES;
				INFOPLIST_FILE = PokemonApp/Info.plist;
				INFOPLIST_KEY_CFBundleDisplayName = PokemonApp;
				INFOPLIST_KEY_LSApplicationCategoryType = "public.app-category.education";
				INFOPLIST_KEY_UIApplicationSupportsIndirectInputEvents = YES;
				INFOPLIST_KEY_UILaunchStoryboardName = LaunchScreen;
				INFOPLIST_KEY_UIMainStoryboardFile = Main;
				INFOPLIST_KEY_UISupportedInterfaceOrientations = UIInterfaceOrientationPortrait;
				INFOPLIST_KEY_UISupportedInterfaceOrientations_iPad = "UIInterfaceOrientationLandscapeLeft UIInterfaceOrientationLandscapeRight UIInterfaceOrientationPortrait UIInterfaceOrientationPortraitUpsideDown";
				IPHONEOS_DEPLOYMENT_TARGET = 15.0;
				LD_RUNPATH_SEARCH_PATHS = (
					"$(inherited)",
					"@executable_path/Frameworks",
				);
				MARKETING_VERSION = 1.0;
				PRODUCT_BUNDLE_IDENTIFIER = com.alexandru.meta.PokemonApp;
				PRODUCT_NAME = "$(TARGET_NAME)";
				SUPPORTED_PLATFORMS = "iphoneos iphonesimulator";
				SUPPORTS_MACCATALYST = NO;
				SUPPORTS_MAC_DESIGNED_FOR_IPHONE_IPAD = NO;
				SWIFT_EMIT_LOC_STRINGS = YES;
				SWIFT_VERSION = 5.0;
				TARGETED_DEVICE_FAMILY = 1;
			};
			name = Debug;
		};
		FA0E619329FEA84500EADCBA /* Release */ = {
			isa = XCBuildConfiguration;
			buildSettings = {
				ASSETCATALOG_COMPILER_APPICON_NAME = AppIcon;
				ASSETCATALOG_COMPILER_GLOBAL_ACCENT_COLOR_NAME = AccentColor;
				CODE_SIGN_STYLE = Automatic;
				CURRENT_PROJECT_VERSION = 1;
				DEVELOPMENT_TEAM = 9NZ4Q585K9;
				GENERATE_INFOPLIST_FILE = YES;
				INFOPLIST_FILE = PokemonApp/Info.plist;
				INFOPLIST_KEY_CFBundleDisplayName = PokemonApp;
				INFOPLIST_KEY_LSApplicationCategoryType = "public.app-category.education";
				INFOPLIST_KEY_UIApplicationSupportsIndirectInputEvents = YES;
				INFOPLIST_KEY_UILaunchStoryboardName = LaunchScreen;
				INFOPLIST_KEY_UIMainStoryboardFile = Main;
				INFOPLIST_KEY_UISupportedInterfaceOrientations = UIInterfaceOrientationPortrait;
				INFOPLIST_KEY_UISupportedInterfaceOrientations_iPad = "UIInterfaceOrientationLandscapeLeft UIInterfaceOrientationLandscapeRight UIInterfaceOrientationPortrait UIInterfaceOrientationPortraitUpsideDown";
				IPHONEOS_DEPLOYMENT_TARGET = 15.0;
				LD_RUNPATH_SEARCH_PATHS = (
					"$(inherited)",
					"@executable_path/Frameworks",
				);
				MARKETING_VERSION = 1.0;
				PRODUCT_BUNDLE_IDENTIFIER = com.alexandru.meta.PokemonApp;
				PRODUCT_NAME = "$(TARGET_NAME)";
				SUPPORTED_PLATFORMS = "iphoneos iphonesimulator";
				SUPPORTS_MACCATALYST = NO;
				SUPPORTS_MAC_DESIGNED_FOR_IPHONE_IPAD = NO;
				SWIFT_EMIT_LOC_STRINGS = YES;
				SWIFT_VERSION = 5.0;
				TARGETED_DEVICE_FAMILY = 1;
			};
			name = Release;
		};
/* End XCBuildConfiguration section */

/* Begin XCConfigurationList section */
		FA0E617829FEA84400EADCBA /* Build configuration list for PBXProject "PokemonApp" */ = {
			isa = XCConfigurationList;
			buildConfigurations = (
				FA0E618F29FEA84500EADCBA /* Debug */,
				FA0E619029FEA84500EADCBA /* Release */,
			);
			defaultConfigurationIsVisible = 0;
			defaultConfigurationName = Release;
		};
		FA0E619129FEA84500EADCBA /* Build configuration list for PBXNativeTarget "PokemonApp" */ = {
			isa = XCConfigurationList;
			buildConfigurations = (
				FA0E619229FEA84500EADCBA /* Debug */,
				FA0E619329FEA84500EADCBA /* Release */,
			);
			defaultConfigurationIsVisible = 0;
			defaultConfigurationName = Release;
		};
/* End XCConfigurationList section */
	};
	rootObject = FA0E617529FEA84400EADCBA /* Project object */;
}
